
Microsoft Visual Studio Solution File, Format Version 12.00
# Visual Studio Version 16
VisualStudioVersion = 16.0.30309.148
MinimumVisualStudioVersion = 10.0.40219.1
Project("{2150E333-8FDC-42A3-9474-1A3956D46DE8}") = "Week 3 - Functions and Recursion", "Week 3 - Functions and Recursion", "{999127BC-B8DA-4466-A4BF-D0A29854A932}"
EndProject
Project("{2150E333-8FDC-42A3-9474-1A3956D46DE8}") = "Week 2 - Control Statements", "Week 2 - Control Statements", "{0A07D86F-9695-470E-8501-9FB40B664D6A}"
EndProject
Project("{2150E333-8FDC-42A3-9474-1A3956D46DE8}") = "Week 1 - Programming Basics", "Week 1 - Programming Basics", "{06352151-747B-4D8A-9859-570D21C56203}"
EndProject
Project("{2150E333-8FDC-42A3-9474-1A3956D46DE8}") = "Week 4 - Loops and Iteration", "Week 4 - Loops and Iteration", "{B558A181-A3C6-4E84-8939-1F6ECC636EFF}"
EndProject
Project("{8BC9CEB8-8B4A-11D0-8D11-00A0C91BC942}") = "Week 2 - Task 1 - More or Less than 5", "Week 2 - Task 1 - More or Less than 5\Task 1 - More or Less than 5.vcxproj", "{BB61CB1D-F3AF-4EDB-99B5-2904889594BB}"
EndProject
Project("{8BC9CEB8-8B4A-11D0-8D11-00A0C91BC942}") = "Week 2 - Task 2 - Grading Program", "Week 2 - Task 2 - Grading Program\Week 2 - Task 2 - Grading Program.vcxproj", "{9BC835DC-17DC-4117-9D66-CBC9C08628C0}"
EndProject
Project("{8BC9CEB8-8B4A-11D0-8D11-00A0C91BC942}") = "Week 2 - Task 3 - Find Prime Numbers", "Week 2 - Task 3 - Find Prime Numbers\Week 2 - Task 3 - Find Prime Numbers.vcxproj", "{74DC5089-3161-436A-968D-3B4FA717CA16}"
EndProject
Project("{8BC9CEB8-8B4A-11D0-8D11-00A0C91BC942}") = "Week 2 - Task 4 - Cola Machine", "Week 2 - Task 4 - Cola Machine\Week 2 - Task 4 - Cola Machine.vcxproj", "{72CD2852-1163-4D0F-AE36-1C5F28A00B61}"
EndProject
Project("{8BC9CEB8-8B4A-11D0-8D11-00A0C91BC942}") = "Week 2 - Task 5 - Integer Analysis", "Week 2 - Task 5 - Integer Analysis\Week 2 - Task 5 - Integer Analysis.vcxproj", "{2F4B3D1C-84BC-4CD3-BC8B-9239D90EC678}"
EndProject
Project("{8BC9CEB8-8B4A-11D0-8D11-00A0C91BC942}") = "Week 2 - Task 6 - Text Adventure Game", "Week 2 - Task 6 - Text Adventure Game\Week 2 - Task 6 - Text Adventure Game.vcxproj", "{97DC1C90-5ABA-4FBA-8055-74C243181F69}"
EndProject
Project("{8BC9CEB8-8B4A-11D0-8D11-00A0C91BC942}") = "Week 3 - Task 1 - Guess The Number", "Week 3 - Task 1 - Guess The Number\Week 3 - Task 1 - Guess The Number.vcxproj", "{9F9C8131-943D-4421-857B-B5899219D1FD}"
EndProject
Project("{8BC9CEB8-8B4A-11D0-8D11-00A0C91BC942}") = "Week 3 - Task 2 - Parameters and Return Types", "Week 3 - Task 2 - Parameters and Return Types\Week 3 - Task 2 - Parameters and Return Types.vcxproj", "{C3CBA636-2C58-46E6-968E-BA4A4EC112D7}"
EndProject
Project("{8BC9CEB8-8B4A-11D0-8D11-00A0C91BC942}") = "Week 3 - Task 3 - Sum Of Range", "Week 3 - Task 3 - Sum Of Range\Week 3 - Task 3 - Sum Of Range.vcxproj", "{560AD72B-29CB-4A64-BD6D-04658064E2CD}"
EndProject
Project("{8BC9CEB8-8B4A-11D0-8D11-00A0C91BC942}") = "Week 3 - Task 4 - Print Recursive Diamond", "Week 3 - Task 4 - Print Recursive Diamond\Week 3 - Task 4 - Print Recursive Diamond.vcxproj", "{7868169C-023A-4034-B250-F2ACA3098BAE}"
EndProject
Project("{8BC9CEB8-8B4A-11D0-8D11-00A0C91BC942}") = "Week 4 - Task 1 - While Gullible", "Week 4 - Task 1 - While Gullible\Week 4 - Task 1 - While Gullible.vcxproj", "{EAFC1980-09C8-4AC4-A7C2-4B8B4909BBFD}"
EndProject
Project("{8BC9CEB8-8B4A-11D0-8D11-00A0C91BC942}") = "Week 4 - Task 2 - Guess The Number (Iterative)", "Week 4 - Task 2 - Guess The Number (Iterative)\Week 4 - Task 2 - Guess The Number (Iterative).vcxproj", "{C078B085-032E-41DF-AB35-265F727D11D8}"
EndProject
Project("{8BC9CEB8-8B4A-11D0-8D11-00A0C91BC942}") = "Week 4 - Task 3 - Natural Numbers", "Week 4 - Task 3 - Natural Numbers\Week 4 - Task 3 - Natural Numbers.vcxproj", "{4A2A90DB-28DE-4C55-A49D-C77D4CDD2E4B}"
EndProject
Project("{8BC9CEB8-8B4A-11D0-8D11-00A0C91BC942}") = "Week 4 - Task 4 - Revenge of the Diamond", "Week 4 - Task 4 - Revenge of the Diamond\Week 4 - Task 4 - Revenge of the Diamond.vcxproj", "{1C42345C-B984-4230-A96B-6354D436292F}"
EndProject
Project("{8BC9CEB8-8B4A-11D0-8D11-00A0C91BC942}") = "Week 4 - Task 5 - Alphabet Pyramid", "Week 4 - Task 5 - Alphabet Pyramid\Week 4 - Task 5 - Alphabet Pyramid.vcxproj", "{D7664FCC-1105-40CB-A5CC-F68504711AE9}"
EndProject
Project("{2150E333-8FDC-42A3-9474-1A3956D46DE8}") = "Week 5 - Arrays and Strings", "Week 5 - Arrays and Strings", "{D515A920-EE3E-4891-82B2-CD6AB33AE1E8}"
EndProject
Project("{8BC9CEB8-8B4A-11D0-8D11-00A0C91BC942}") = "arrays", "arrays\arrays.vcxproj", "{4492497E-636F-4562-A2DB-C29DB7AA2A0E}"
EndProject
Global
	GlobalSection(SolutionConfigurationPlatforms) = preSolution
		Debug|x64 = Debug|x64
		Debug|x86 = Debug|x86
		Release|x64 = Release|x64
		Release|x86 = Release|x86
	EndGlobalSection
	GlobalSection(ProjectConfigurationPlatforms) = postSolution
		{BB61CB1D-F3AF-4EDB-99B5-2904889594BB}.Debug|x64.ActiveCfg = Debug|x64
		{BB61CB1D-F3AF-4EDB-99B5-2904889594BB}.Debug|x64.Build.0 = Debug|x64
		{BB61CB1D-F3AF-4EDB-99B5-2904889594BB}.Debug|x86.ActiveCfg = Debug|Win32
		{BB61CB1D-F3AF-4EDB-99B5-2904889594BB}.Debug|x86.Build.0 = Debug|Win32
		{BB61CB1D-F3AF-4EDB-99B5-2904889594BB}.Release|x64.ActiveCfg = Release|x64
		{BB61CB1D-F3AF-4EDB-99B5-2904889594BB}.Release|x64.Build.0 = Release|x64
		{BB61CB1D-F3AF-4EDB-99B5-2904889594BB}.Release|x86.ActiveCfg = Release|Win32
		{BB61CB1D-F3AF-4EDB-99B5-2904889594BB}.Release|x86.Build.0 = Release|Win32
		{9BC835DC-17DC-4117-9D66-CBC9C08628C0}.Debug|x64.ActiveCfg = Debug|x64
		{9BC835DC-17DC-4117-9D66-CBC9C08628C0}.Debug|x64.Build.0 = Debug|x64
		{9BC835DC-17DC-4117-9D66-CBC9C08628C0}.Debug|x86.ActiveCfg = Debug|Win32
		{9BC835DC-17DC-4117-9D66-CBC9C08628C0}.Debug|x86.Build.0 = Debug|Win32
		{9BC835DC-17DC-4117-9D66-CBC9C08628C0}.Release|x64.ActiveCfg = Release|x64
		{9BC835DC-17DC-4117-9D66-CBC9C08628C0}.Release|x64.Build.0 = Release|x64
		{9BC835DC-17DC-4117-9D66-CBC9C08628C0}.Release|x86.ActiveCfg = Release|Win32
		{9BC835DC-17DC-4117-9D66-CBC9C08628C0}.Release|x86.Build.0 = Release|Win32
		{74DC5089-3161-436A-968D-3B4FA717CA16}.Debug|x64.ActiveCfg = Debug|x64
		{74DC5089-3161-436A-968D-3B4FA717CA16}.Debug|x64.Build.0 = Debug|x64
		{74DC5089-3161-436A-968D-3B4FA717CA16}.Debug|x86.ActiveCfg = Debug|Win32
		{74DC5089-3161-436A-968D-3B4FA717CA16}.Debug|x86.Build.0 = Debug|Win32
		{74DC5089-3161-436A-968D-3B4FA717CA16}.Release|x64.ActiveCfg = Release|x64
		{74DC5089-3161-436A-968D-3B4FA717CA16}.Release|x64.Build.0 = Release|x64
		{74DC5089-3161-436A-968D-3B4FA717CA16}.Release|x86.ActiveCfg = Release|Win32
		{74DC5089-3161-436A-968D-3B4FA717CA16}.Release|x86.Build.0 = Release|Win32
		{72CD2852-1163-4D0F-AE36-1C5F28A00B61}.Debug|x64.ActiveCfg = Debug|x64
		{72CD2852-1163-4D0F-AE36-1C5F28A00B61}.Debug|x64.Build.0 = Debug|x64
		{72CD2852-1163-4D0F-AE36-1C5F28A00B61}.Debug|x86.ActiveCfg = Debug|Win32
		{72CD2852-1163-4D0F-AE36-1C5F28A00B61}.Debug|x86.Build.0 = Debug|Win32
		{72CD2852-1163-4D0F-AE36-1C5F28A00B61}.Release|x64.ActiveCfg = Release|x64
		{72CD2852-1163-4D0F-AE36-1C5F28A00B61}.Release|x64.Build.0 = Release|x64
		{72CD2852-1163-4D0F-AE36-1C5F28A00B61}.Release|x86.ActiveCfg = Release|Win32
		{72CD2852-1163-4D0F-AE36-1C5F28A00B61}.Release|x86.Build.0 = Release|Win32
		{2F4B3D1C-84BC-4CD3-BC8B-9239D90EC678}.Debug|x64.ActiveCfg = Debug|x64
		{2F4B3D1C-84BC-4CD3-BC8B-9239D90EC678}.Debug|x64.Build.0 = Debug|x64
		{2F4B3D1C-84BC-4CD3-BC8B-9239D90EC678}.Debug|x86.ActiveCfg = Debug|Win32
		{2F4B3D1C-84BC-4CD3-BC8B-9239D90EC678}.Debug|x86.Build.0 = Debug|Win32
		{2F4B3D1C-84BC-4CD3-BC8B-9239D90EC678}.Release|x64.ActiveCfg = Release|x64
		{2F4B3D1C-84BC-4CD3-BC8B-9239D90EC678}.Release|x64.Build.0 = Release|x64
		{2F4B3D1C-84BC-4CD3-BC8B-9239D90EC678}.Release|x86.ActiveCfg = Release|Win32
		{2F4B3D1C-84BC-4CD3-BC8B-9239D90EC678}.Release|x86.Build.0 = Release|Win32
		{97DC1C90-5ABA-4FBA-8055-74C243181F69}.Debug|x64.ActiveCfg = Debug|x64
		{97DC1C90-5ABA-4FBA-8055-74C243181F69}.Debug|x64.Build.0 = Debug|x64
		{97DC1C90-5ABA-4FBA-8055-74C243181F69}.Debug|x86.ActiveCfg = Debug|Win32
		{97DC1C90-5ABA-4FBA-8055-74C243181F69}.Debug|x86.Build.0 = Debug|Win32
		{97DC1C90-5ABA-4FBA-8055-74C243181F69}.Release|x64.ActiveCfg = Release|x64
		{97DC1C90-5ABA-4FBA-8055-74C243181F69}.Release|x64.Build.0 = Release|x64
		{97DC1C90-5ABA-4FBA-8055-74C243181F69}.Release|x86.ActiveCfg = Release|Win32
		{97DC1C90-5ABA-4FBA-8055-74C243181F69}.Release|x86.Build.0 = Release|Win32
		{9F9C8131-943D-4421-857B-B5899219D1FD}.Debug|x64.ActiveCfg = Debug|x64
		{9F9C8131-943D-4421-857B-B5899219D1FD}.Debug|x64.Build.0 = Debug|x64
		{9F9C8131-943D-4421-857B-B5899219D1FD}.Debug|x86.ActiveCfg = Debug|Win32
		{9F9C8131-943D-4421-857B-B5899219D1FD}.Debug|x86.Build.0 = Debug|Win32
		{9F9C8131-943D-4421-857B-B5899219D1FD}.Release|x64.ActiveCfg = Release|x64
		{9F9C8131-943D-4421-857B-B5899219D1FD}.Release|x64.Build.0 = Release|x64
		{9F9C8131-943D-4421-857B-B5899219D1FD}.Release|x86.ActiveCfg = Release|Win32
		{9F9C8131-943D-4421-857B-B5899219D1FD}.Release|x86.Build.0 = Release|Win32
		{C3CBA636-2C58-46E6-968E-BA4A4EC112D7}.Debug|x64.ActiveCfg = Debug|x64
		{C3CBA636-2C58-46E6-968E-BA4A4EC112D7}.Debug|x64.Build.0 = Debug|x64
		{C3CBA636-2C58-46E6-968E-BA4A4EC112D7}.Debug|x86.ActiveCfg = Debug|Win32
		{C3CBA636-2C58-46E6-968E-BA4A4EC112D7}.Debug|x86.Build.0 = Debug|Win32
		{C3CBA636-2C58-46E6-968E-BA4A4EC112D7}.Release|x64.ActiveCfg = Release|x64
		{C3CBA636-2C58-46E6-968E-BA4A4EC112D7}.Release|x64.Build.0 = Release|x64
		{C3CBA636-2C58-46E6-968E-BA4A4EC112D7}.Release|x86.ActiveCfg = Release|Win32
		{C3CBA636-2C58-46E6-968E-BA4A4EC112D7}.Release|x86.Build.0 = Release|Win32
		{560AD72B-29CB-4A64-BD6D-04658064E2CD}.Debug|x64.ActiveCfg = Debug|x64
		{560AD72B-29CB-4A64-BD6D-04658064E2CD}.Debug|x64.Build.0 = Debug|x64
		{560AD72B-29CB-4A64-BD6D-04658064E2CD}.Debug|x86.ActiveCfg = Debug|Win32
		{560AD72B-29CB-4A64-BD6D-04658064E2CD}.Debug|x86.Build.0 = Debug|Win32
		{560AD72B-29CB-4A64-BD6D-04658064E2CD}.Release|x64.ActiveCfg = Release|x64
		{560AD72B-29CB-4A64-BD6D-04658064E2CD}.Release|x64.Build.0 = Release|x64
		{560AD72B-29CB-4A64-BD6D-04658064E2CD}.Release|x86.ActiveCfg = Release|Win32
		{560AD72B-29CB-4A64-BD6D-04658064E2CD}.Release|x86.Build.0 = Release|Win32
		{7868169C-023A-4034-B250-F2ACA3098BAE}.Debug|x64.ActiveCfg = Debug|x64
		{7868169C-023A-4034-B250-F2ACA3098BAE}.Debug|x64.Build.0 = Debug|x64
		{7868169C-023A-4034-B250-F2ACA3098BAE}.Debug|x86.ActiveCfg = Debug|Win32
		{7868169C-023A-4034-B250-F2ACA3098BAE}.Debug|x86.Build.0 = Debug|Win32
		{7868169C-023A-4034-B250-F2ACA3098BAE}.Release|x64.ActiveCfg = Release|x64
		{7868169C-023A-4034-B250-F2ACA3098BAE}.Release|x64.Build.0 = Release|x64
		{7868169C-023A-4034-B250-F2ACA3098BAE}.Release|x86.ActiveCfg = Release|Win32
		{7868169C-023A-4034-B250-F2ACA3098BAE}.Release|x86.Build.0 = Release|Win32
		{EAFC1980-09C8-4AC4-A7C2-4B8B4909BBFD}.Debug|x64.ActiveCfg = Debug|x64
		{EAFC1980-09C8-4AC4-A7C2-4B8B4909BBFD}.Debug|x64.Build.0 = Debug|x64
		{EAFC1980-09C8-4AC4-A7C2-4B8B4909BBFD}.Debug|x86.ActiveCfg = Debug|Win32
		{EAFC1980-09C8-4AC4-A7C2-4B8B4909BBFD}.Debug|x86.Build.0 = Debug|Win32
		{EAFC1980-09C8-4AC4-A7C2-4B8B4909BBFD}.Release|x64.ActiveCfg = Release|x64
		{EAFC1980-09C8-4AC4-A7C2-4B8B4909BBFD}.Release|x64.Build.0 = Release|x64
		{EAFC1980-09C8-4AC4-A7C2-4B8B4909BBFD}.Release|x86.ActiveCfg = Release|Win32
		{EAFC1980-09C8-4AC4-A7C2-4B8B4909BBFD}.Release|x86.Build.0 = Release|Win32
		{C078B085-032E-41DF-AB35-265F727D11D8}.Debug|x64.ActiveCfg = Debug|x64
		{C078B085-032E-41DF-AB35-265F727D11D8}.Debug|x64.Build.0 = Debug|x64
		{C078B085-032E-41DF-AB35-265F727D11D8}.Debug|x86.ActiveCfg = Debug|Win32
		{C078B085-032E-41DF-AB35-265F727D11D8}.Debug|x86.Build.0 = Debug|Win32
		{C078B085-032E-41DF-AB35-265F727D11D8}.Release|x64.ActiveCfg = Release|x64
		{C078B085-032E-41DF-AB35-265F727D11D8}.Release|x64.Build.0 = Release|x64
		{C078B085-032E-41DF-AB35-265F727D11D8}.Release|x86.ActiveCfg = Release|Win32
		{C078B085-032E-41DF-AB35-265F727D11D8}.Release|x86.Build.0 = Release|Win32
		{4A2A90DB-28DE-4C55-A49D-C77D4CDD2E4B}.Debug|x64.ActiveCfg = Debug|x64
		{4A2A90DB-28DE-4C55-A49D-C77D4CDD2E4B}.Debug|x64.Build.0 = Debug|x64
		{4A2A90DB-28DE-4C55-A49D-C77D4CDD2E4B}.Debug|x86.ActiveCfg = Debug|Win32
		{4A2A90DB-28DE-4C55-A49D-C77D4CDD2E4B}.Debug|x86.Build.0 = Debug|Win32
		{4A2A90DB-28DE-4C55-A49D-C77D4CDD2E4B}.Release|x64.ActiveCfg = Release|x64
		{4A2A90DB-28DE-4C55-A49D-C77D4CDD2E4B}.Release|x64.Build.0 = Release|x64
		{4A2A90DB-28DE-4C55-A49D-C77D4CDD2E4B}.Release|x86.ActiveCfg = Release|Win32
		{4A2A90DB-28DE-4C55-A49D-C77D4CDD2E4B}.Release|x86.Build.0 = Release|Win32
		{1C42345C-B984-4230-A96B-6354D436292F}.Debug|x64.ActiveCfg = Debug|x64
		{1C42345C-B984-4230-A96B-6354D436292F}.Debug|x64.Build.0 = Debug|x64
		{1C42345C-B984-4230-A96B-6354D436292F}.Debug|x86.ActiveCfg = Debug|Win32
		{1C42345C-B984-4230-A96B-6354D436292F}.Debug|x86.Build.0 = Debug|Win32
		{1C42345C-B984-4230-A96B-6354D436292F}.Release|x64.ActiveCfg = Release|x64
		{1C42345C-B984-4230-A96B-6354D436292F}.Release|x64.Build.0 = Release|x64
		{1C42345C-B984-4230-A96B-6354D436292F}.Release|x86.ActiveCfg = Release|Win32
		{1C42345C-B984-4230-A96B-6354D436292F}.Release|x86.Build.0 = Release|Win32
		{D7664FCC-1105-40CB-A5CC-F68504711AE9}.Debug|x64.ActiveCfg = Debug|x64
		{D7664FCC-1105-40CB-A5CC-F68504711AE9}.Debug|x64.Build.0 = Debug|x64
		{D7664FCC-1105-40CB-A5CC-F68504711AE9}.Debug|x86.ActiveCfg = Debug|Win32
		{D7664FCC-1105-40CB-A5CC-F68504711AE9}.Debug|x86.Build.0 = Debug|Win32
		{D7664FCC-1105-40CB-A5CC-F68504711AE9}.Release|x64.ActiveCfg = Release|x64
		{D7664FCC-1105-40CB-A5CC-F68504711AE9}.Release|x64.Build.0 = Release|x64
		{D7664FCC-1105-40CB-A5CC-F68504711AE9}.Release|x86.ActiveCfg = Release|Win32
		{D7664FCC-1105-40CB-A5CC-F68504711AE9}.Release|x86.Build.0 = Release|Win32
		{4492497E-636F-4562-A2DB-C29DB7AA2A0E}.Debug|x64.ActiveCfg = Debug|x64
		{4492497E-636F-4562-A2DB-C29DB7AA2A0E}.Debug|x64.Build.0 = Debug|x64
		{4492497E-636F-4562-A2DB-C29DB7AA2A0E}.Debug|x86.ActiveCfg = Debug|Win32
		{4492497E-636F-4562-A2DB-C29DB7AA2A0E}.Debug|x86.Build.0 = Debug|Win32
		{4492497E-636F-4562-A2DB-C29DB7AA2A0E}.Release|x64.ActiveCfg = Release|x64
		{4492497E-636F-4562-A2DB-C29DB7AA2A0E}.Release|x64.Build.0 = Release|x64
		{4492497E-636F-4562-A2DB-C29DB7AA2A0E}.Release|x86.ActiveCfg = Release|Win32
		{4492497E-636F-4562-A2DB-C29DB7AA2A0E}.Release|x86.Build.0 = Release|Win32
	EndGlobalSection
	GlobalSection(SolutionProperties) = preSolution
		HideSolutionNode = FALSE
	EndGlobalSection
	GlobalSection(NestedProjects) = preSolution
		{BB61CB1D-F3AF-4EDB-99B5-2904889594BB} = {0A07D86F-9695-470E-8501-9FB40B664D6A}
		{9BC835DC-17DC-4117-9D66-CBC9C08628C0} = {0A07D86F-9695-470E-8501-9FB40B664D6A}
		{74DC5089-3161-436A-968D-3B4FA717CA16} = {0A07D86F-9695-470E-8501-9FB40B664D6A}
		{72CD2852-1163-4D0F-AE36-1C5F28A00B61} = {0A07D86F-9695-470E-8501-9FB40B664D6A}
		{2F4B3D1C-84BC-4CD3-BC8B-9239D90EC678} = {0A07D86F-9695-470E-8501-9FB40B664D6A}
		{97DC1C90-5ABA-4FBA-8055-74C243181F69} = {0A07D86F-9695-470E-8501-9FB40B664D6A}
		{9F9C8131-943D-4421-857B-B5899219D1FD} = {999127BC-B8DA-4466-A4BF-D0A29854A932}
		{C3CBA636-2C58-46E6-968E-BA4A4EC112D7} = {999127BC-B8DA-4466-A4BF-D0A29854A932}
		{560AD72B-29CB-4A64-BD6D-04658064E2CD} = {999127BC-B8DA-4466-A4BF-D0A29854A932}
		{7868169C-023A-4034-B250-F2ACA3098BAE} = {999127BC-B8DA-4466-A4BF-D0A29854A932}
		{EAFC1980-09C8-4AC4-A7C2-4B8B4909BBFD} = {B558A181-A3C6-4E84-8939-1F6ECC636EFF}
		{C078B085-032E-41DF-AB35-265F727D11D8} = {B558A181-A3C6-4E84-8939-1F6ECC636EFF}
		{4A2A90DB-28DE-4C55-A49D-C77D4CDD2E4B} = {B558A181-A3C6-4E84-8939-1F6ECC636EFF}
		{1C42345C-B984-4230-A96B-6354D436292F} = {B558A181-A3C6-4E84-8939-1F6ECC636EFF}
		{D7664FCC-1105-40CB-A5CC-F68504711AE9} = {B558A181-A3C6-4E84-8939-1F6ECC636EFF}
		{4492497E-636F-4562-A2DB-C29DB7AA2A0E} = {D515A920-EE3E-4891-82B2-CD6AB33AE1E8}
	EndGlobalSection
	GlobalSection(ExtensibilityGlobals) = postSolution
		SolutionGuid = {B718C59A-8E22-46D3-ABAC-947048204E71}
	EndGlobalSection
EndGlobal
