
Microsoft Visual Studio Solution File, Format Version 12.00
# Visual Studio Version 16
VisualStudioVersion = 16.0.30309.148
MinimumVisualStudioVersion = 10.0.40219.1
Project("{2150E333-8FDC-42A3-9474-1A3956D46DE8}") = "Week 3 - Functions and Recursion", "Week 3 - Functions and Recursion", "{999127BC-B8DA-4466-A4BF-D0A29854A932}"
EndProject
Project("{2150E333-8FDC-42A3-9474-1A3956D46DE8}") = "Week 2 - Control Statements", "Week 2 - Control Statements", "{0A07D86F-9695-470E-8501-9FB40B664D6A}"
EndProject
Project("{2150E333-8FDC-42A3-9474-1A3956D46DE8}") = "Week 1 - Programming Basics", "Week 1 - Programming Basics", "{06352151-747B-4D8A-9859-570D21C56203}"
EndProject
Project("{2150E333-8FDC-42A3-9474-1A3956D46DE8}") = "Week 4 - Loops and Iteration", "Week 4 - Loops and Iteration", "{B558A181-A3C6-4E84-8939-1F6ECC636EFF}"
EndProject
Project("{2150E333-8FDC-42A3-9474-1A3956D46DE8}") = "Week 5 - Arrays and Strings", "Week 5 - Arrays and Strings", "{D515A920-EE3E-4891-82B2-CD6AB33AE1E8}"
EndProject
Project("{8BC9CEB8-8B4A-11D0-8D11-00A0C91BC942}") = "arrays", "arrays\arrays.vcxproj", "{4492497E-636F-4562-A2DB-C29DB7AA2A0E}"
EndProject
Project("{8BC9CEB8-8B4A-11D0-8D11-00A0C91BC942}") = "week6game", "week6game\week6game.vcxproj", "{E7A40666-052E-46F2-8479-407CAF2CA131}"
EndProject
Project("{8BC9CEB8-8B4A-11D0-8D11-00A0C91BC942}") = "randomarraytasks", "randomarraytasks\randomarraytasks.vcxproj", "{6BB1D41E-5040-4733-BD26-428979F4098E}"
EndProject
Project("{2150E333-8FDC-42A3-9474-1A3956D46DE8}") = "Week 6 - Pointers, References, Dynamic Memory", "Week 6 - Pointers, References, Dynamic Memory", "{042D5373-06D9-4E26-9B5B-779157A1FE31}"
EndProject
Project("{8BC9CEB8-8B4A-11D0-8D11-00A0C91BC942}") = "pointers", "pointers\pointers.vcxproj", "{47CDA91F-9296-4991-A390-668306F6AFFD}"
EndProject
Project("{8BC9CEB8-8B4A-11D0-8D11-00A0C91BC942}") = "References", "References\References.vcxproj", "{DC678D93-AA6B-4956-BCA4-68564ADEA744}"
EndProject
Project("{8BC9CEB8-8B4A-11D0-8D11-00A0C91BC942}") = "dynamic memory", "dynamic memory\dynamic memory.vcxproj", "{3381C64D-2011-4025-9EF2-D142B282A1B3}"
EndProject
Project("{8BC9CEB8-8B4A-11D0-8D11-00A0C91BC942}") = "pointers and arrays", "pointers and arrays\pointers and arrays.vcxproj", "{3BF8CCA0-D529-4F64-8E19-5955D3D850B0}"
EndProject
Project("{8BC9CEB8-8B4A-11D0-8D11-00A0C91BC942}") = "Constructor and Destructors", "Constructor and Destructors\Constructor and Destructors.vcxproj", "{470AEE96-4C66-4608-8AFF-85FD9C758E94}"
EndProject
Project("{2150E333-8FDC-42A3-9474-1A3956D46DE8}") = "Week 7 - Classes and Objects", "Week 7 - Classes and Objects", "{E5162EA6-5939-480F-825B-A51241B62225}"
EndProject
Project("{8BC9CEB8-8B4A-11D0-8D11-00A0C91BC942}") = "classes", "classes\classes.vcxproj", "{04294AE7-3B31-45D8-9088-7709DCD99AF1}"
EndProject
Project("{8BC9CEB8-8B4A-11D0-8D11-00A0C91BC942}") = "Constructors and Destructors", "Constructors and Destructors\Constructors and Destructors.vcxproj", "{87101A1C-9ECA-4CE1-B987-0E6543DF4F4F}"
EndProject
Project("{2150E333-8FDC-42A3-9474-1A3956D46DE8}") = "Week 8 - Inheritance and Polymorphism", "Week 8 - Inheritance and Polymorphism", "{9D74509F-75A9-4D3B-8270-E95CF1E00205}"
EndProject
Project("{8BC9CEB8-8B4A-11D0-8D11-00A0C91BC942}") = "Project1", "Project1\Project1.vcxproj", "{301DD414-D1AB-4FEA-9F18-ED1DB67E8F16}"
EndProject
Global
	GlobalSection(SolutionConfigurationPlatforms) = preSolution
		Debug|x64 = Debug|x64
		Debug|x86 = Debug|x86
		Release|x64 = Release|x64
		Release|x86 = Release|x86
	EndGlobalSection
	GlobalSection(ProjectConfigurationPlatforms) = postSolution
		{4492497E-636F-4562-A2DB-C29DB7AA2A0E}.Debug|x64.ActiveCfg = Debug|x64
		{4492497E-636F-4562-A2DB-C29DB7AA2A0E}.Debug|x64.Build.0 = Debug|x64
		{4492497E-636F-4562-A2DB-C29DB7AA2A0E}.Debug|x86.ActiveCfg = Debug|Win32
		{4492497E-636F-4562-A2DB-C29DB7AA2A0E}.Debug|x86.Build.0 = Debug|Win32
		{4492497E-636F-4562-A2DB-C29DB7AA2A0E}.Release|x64.ActiveCfg = Release|x64
		{4492497E-636F-4562-A2DB-C29DB7AA2A0E}.Release|x64.Build.0 = Release|x64
		{4492497E-636F-4562-A2DB-C29DB7AA2A0E}.Release|x86.ActiveCfg = Release|Win32
		{4492497E-636F-4562-A2DB-C29DB7AA2A0E}.Release|x86.Build.0 = Release|Win32
		{E7A40666-052E-46F2-8479-407CAF2CA131}.Debug|x64.ActiveCfg = Debug|x64
		{E7A40666-052E-46F2-8479-407CAF2CA131}.Debug|x64.Build.0 = Debug|x64
		{E7A40666-052E-46F2-8479-407CAF2CA131}.Debug|x86.ActiveCfg = Debug|Win32
		{E7A40666-052E-46F2-8479-407CAF2CA131}.Debug|x86.Build.0 = Debug|Win32
		{E7A40666-052E-46F2-8479-407CAF2CA131}.Release|x64.ActiveCfg = Release|x64
		{E7A40666-052E-46F2-8479-407CAF2CA131}.Release|x64.Build.0 = Release|x64
		{E7A40666-052E-46F2-8479-407CAF2CA131}.Release|x86.ActiveCfg = Release|Win32
		{E7A40666-052E-46F2-8479-407CAF2CA131}.Release|x86.Build.0 = Release|Win32
		{6BB1D41E-5040-4733-BD26-428979F4098E}.Debug|x64.ActiveCfg = Debug|x64
		{6BB1D41E-5040-4733-BD26-428979F4098E}.Debug|x64.Build.0 = Debug|x64
		{6BB1D41E-5040-4733-BD26-428979F4098E}.Debug|x86.ActiveCfg = Debug|Win32
		{6BB1D41E-5040-4733-BD26-428979F4098E}.Debug|x86.Build.0 = Debug|Win32
		{6BB1D41E-5040-4733-BD26-428979F4098E}.Release|x64.ActiveCfg = Release|x64
		{6BB1D41E-5040-4733-BD26-428979F4098E}.Release|x64.Build.0 = Release|x64
		{6BB1D41E-5040-4733-BD26-428979F4098E}.Release|x86.ActiveCfg = Release|Win32
		{6BB1D41E-5040-4733-BD26-428979F4098E}.Release|x86.Build.0 = Release|Win32
		{47CDA91F-9296-4991-A390-668306F6AFFD}.Debug|x64.ActiveCfg = Debug|x64
		{47CDA91F-9296-4991-A390-668306F6AFFD}.Debug|x64.Build.0 = Debug|x64
		{47CDA91F-9296-4991-A390-668306F6AFFD}.Debug|x86.ActiveCfg = Debug|Win32
		{47CDA91F-9296-4991-A390-668306F6AFFD}.Debug|x86.Build.0 = Debug|Win32
		{47CDA91F-9296-4991-A390-668306F6AFFD}.Release|x64.ActiveCfg = Release|x64
		{47CDA91F-9296-4991-A390-668306F6AFFD}.Release|x64.Build.0 = Release|x64
		{47CDA91F-9296-4991-A390-668306F6AFFD}.Release|x86.ActiveCfg = Release|Win32
		{47CDA91F-9296-4991-A390-668306F6AFFD}.Release|x86.Build.0 = Release|Win32
		{DC678D93-AA6B-4956-BCA4-68564ADEA744}.Debug|x64.ActiveCfg = Debug|x64
		{DC678D93-AA6B-4956-BCA4-68564ADEA744}.Debug|x64.Build.0 = Debug|x64
		{DC678D93-AA6B-4956-BCA4-68564ADEA744}.Debug|x86.ActiveCfg = Debug|Win32
		{DC678D93-AA6B-4956-BCA4-68564ADEA744}.Debug|x86.Build.0 = Debug|Win32
		{DC678D93-AA6B-4956-BCA4-68564ADEA744}.Release|x64.ActiveCfg = Release|x64
		{DC678D93-AA6B-4956-BCA4-68564ADEA744}.Release|x64.Build.0 = Release|x64
		{DC678D93-AA6B-4956-BCA4-68564ADEA744}.Release|x86.ActiveCfg = Release|Win32
		{DC678D93-AA6B-4956-BCA4-68564ADEA744}.Release|x86.Build.0 = Release|Win32
		{3381C64D-2011-4025-9EF2-D142B282A1B3}.Debug|x64.ActiveCfg = Debug|x64
		{3381C64D-2011-4025-9EF2-D142B282A1B3}.Debug|x64.Build.0 = Debug|x64
		{3381C64D-2011-4025-9EF2-D142B282A1B3}.Debug|x86.ActiveCfg = Debug|Win32
		{3381C64D-2011-4025-9EF2-D142B282A1B3}.Debug|x86.Build.0 = Debug|Win32
		{3381C64D-2011-4025-9EF2-D142B282A1B3}.Release|x64.ActiveCfg = Release|x64
		{3381C64D-2011-4025-9EF2-D142B282A1B3}.Release|x64.Build.0 = Release|x64
		{3381C64D-2011-4025-9EF2-D142B282A1B3}.Release|x86.ActiveCfg = Release|Win32
		{3381C64D-2011-4025-9EF2-D142B282A1B3}.Release|x86.Build.0 = Release|Win32
		{3BF8CCA0-D529-4F64-8E19-5955D3D850B0}.Debug|x64.ActiveCfg = Debug|x64
		{3BF8CCA0-D529-4F64-8E19-5955D3D850B0}.Debug|x64.Build.0 = Debug|x64
		{3BF8CCA0-D529-4F64-8E19-5955D3D850B0}.Debug|x86.ActiveCfg = Debug|Win32
		{3BF8CCA0-D529-4F64-8E19-5955D3D850B0}.Debug|x86.Build.0 = Debug|Win32
		{3BF8CCA0-D529-4F64-8E19-5955D3D850B0}.Release|x64.ActiveCfg = Release|x64
		{3BF8CCA0-D529-4F64-8E19-5955D3D850B0}.Release|x64.Build.0 = Release|x64
		{3BF8CCA0-D529-4F64-8E19-5955D3D850B0}.Release|x86.ActiveCfg = Release|Win32
		{3BF8CCA0-D529-4F64-8E19-5955D3D850B0}.Release|x86.Build.0 = Release|Win32
		{470AEE96-4C66-4608-8AFF-85FD9C758E94}.Debug|x64.ActiveCfg = Debug|x64
		{470AEE96-4C66-4608-8AFF-85FD9C758E94}.Debug|x64.Build.0 = Debug|x64
		{470AEE96-4C66-4608-8AFF-85FD9C758E94}.Debug|x86.ActiveCfg = Debug|Win32
		{470AEE96-4C66-4608-8AFF-85FD9C758E94}.Debug|x86.Build.0 = Debug|Win32
		{470AEE96-4C66-4608-8AFF-85FD9C758E94}.Release|x64.ActiveCfg = Release|x64
		{470AEE96-4C66-4608-8AFF-85FD9C758E94}.Release|x64.Build.0 = Release|x64
		{470AEE96-4C66-4608-8AFF-85FD9C758E94}.Release|x86.ActiveCfg = Release|Win32
		{470AEE96-4C66-4608-8AFF-85FD9C758E94}.Release|x86.Build.0 = Release|Win32
		{04294AE7-3B31-45D8-9088-7709DCD99AF1}.Debug|x64.ActiveCfg = Debug|x64
		{04294AE7-3B31-45D8-9088-7709DCD99AF1}.Debug|x64.Build.0 = Debug|x64
		{04294AE7-3B31-45D8-9088-7709DCD99AF1}.Debug|x86.ActiveCfg = Debug|Win32
		{04294AE7-3B31-45D8-9088-7709DCD99AF1}.Debug|x86.Build.0 = Debug|Win32
		{04294AE7-3B31-45D8-9088-7709DCD99AF1}.Release|x64.ActiveCfg = Release|x64
		{04294AE7-3B31-45D8-9088-7709DCD99AF1}.Release|x64.Build.0 = Release|x64
		{04294AE7-3B31-45D8-9088-7709DCD99AF1}.Release|x86.ActiveCfg = Release|Win32
		{04294AE7-3B31-45D8-9088-7709DCD99AF1}.Release|x86.Build.0 = Release|Win32
		{87101A1C-9ECA-4CE1-B987-0E6543DF4F4F}.Debug|x64.ActiveCfg = Debug|x64
		{87101A1C-9ECA-4CE1-B987-0E6543DF4F4F}.Debug|x64.Build.0 = Debug|x64
		{87101A1C-9ECA-4CE1-B987-0E6543DF4F4F}.Debug|x86.ActiveCfg = Debug|Win32
		{87101A1C-9ECA-4CE1-B987-0E6543DF4F4F}.Debug|x86.Build.0 = Debug|Win32
		{87101A1C-9ECA-4CE1-B987-0E6543DF4F4F}.Release|x64.ActiveCfg = Release|x64
		{87101A1C-9ECA-4CE1-B987-0E6543DF4F4F}.Release|x64.Build.0 = Release|x64
		{87101A1C-9ECA-4CE1-B987-0E6543DF4F4F}.Release|x86.ActiveCfg = Release|Win32
		{87101A1C-9ECA-4CE1-B987-0E6543DF4F4F}.Release|x86.Build.0 = Release|Win32
		{301DD414-D1AB-4FEA-9F18-ED1DB67E8F16}.Debug|x64.ActiveCfg = Debug|x64
		{301DD414-D1AB-4FEA-9F18-ED1DB67E8F16}.Debug|x64.Build.0 = Debug|x64
		{301DD414-D1AB-4FEA-9F18-ED1DB67E8F16}.Debug|x86.ActiveCfg = Debug|Win32
		{301DD414-D1AB-4FEA-9F18-ED1DB67E8F16}.Debug|x86.Build.0 = Debug|Win32
		{301DD414-D1AB-4FEA-9F18-ED1DB67E8F16}.Release|x64.ActiveCfg = Release|x64
		{301DD414-D1AB-4FEA-9F18-ED1DB67E8F16}.Release|x64.Build.0 = Release|x64
		{301DD414-D1AB-4FEA-9F18-ED1DB67E8F16}.Release|x86.ActiveCfg = Release|Win32
		{301DD414-D1AB-4FEA-9F18-ED1DB67E8F16}.Release|x86.Build.0 = Release|Win32
	EndGlobalSection
	GlobalSection(SolutionProperties) = preSolution
		HideSolutionNode = FALSE
	EndGlobalSection
	GlobalSection(NestedProjects) = preSolution
		{4492497E-636F-4562-A2DB-C29DB7AA2A0E} = {D515A920-EE3E-4891-82B2-CD6AB33AE1E8}
		{E7A40666-052E-46F2-8479-407CAF2CA131} = {D515A920-EE3E-4891-82B2-CD6AB33AE1E8}
		{6BB1D41E-5040-4733-BD26-428979F4098E} = {D515A920-EE3E-4891-82B2-CD6AB33AE1E8}
		{47CDA91F-9296-4991-A390-668306F6AFFD} = {042D5373-06D9-4E26-9B5B-779157A1FE31}
		{DC678D93-AA6B-4956-BCA4-68564ADEA744} = {042D5373-06D9-4E26-9B5B-779157A1FE31}
		{3381C64D-2011-4025-9EF2-D142B282A1B3} = {042D5373-06D9-4E26-9B5B-779157A1FE31}
		{3BF8CCA0-D529-4F64-8E19-5955D3D850B0} = {042D5373-06D9-4E26-9B5B-779157A1FE31}
		{470AEE96-4C66-4608-8AFF-85FD9C758E94} = {042D5373-06D9-4E26-9B5B-779157A1FE31}
		{04294AE7-3B31-45D8-9088-7709DCD99AF1} = {E5162EA6-5939-480F-825B-A51241B62225}
		{87101A1C-9ECA-4CE1-B987-0E6543DF4F4F} = {E5162EA6-5939-480F-825B-A51241B62225}
		{301DD414-D1AB-4FEA-9F18-ED1DB67E8F16} = {9D74509F-75A9-4D3B-8270-E95CF1E00205}
	EndGlobalSection
	GlobalSection(ExtensibilityGlobals) = postSolution
		SolutionGuid = {B718C59A-8E22-46D3-ABAC-947048204E71}
	EndGlobalSection
EndGlobal
